{
  "name": "consumer",
  "version": "1.0.0",
  "lockfileVersion": 2,
  "requires": true,
  "packages": {
    "": {
      "name": "consumer",
      "version": "1.0.0",
      "license": "ISC",
      "dependencies": {
        "@andrei-kuzmin-godel/package_one": "^1.0.0",
        "@andrei-kuzmin-godel/package_two": "^1.0.0"
      }
    },
    "node_modules/@andrei-kuzmin-godel/package_one": {
      "version": "1.0.0",
      "resolved": "https://npm.pkg.github.com/download/@andrei-kuzmin-godel/package_one/1.0.0/8afe7d0331777b49f9a3a32f68a6ad6d202bff155daac14010456fad08b766ac",
      "integrity": "sha512-ZESoQhWgGOOH7sDcrzS+g8so98r6GqpS1vjVE2walRkh6hHimg7AboyR0fu0dMVXFo1tmdJWVIdis77kR3+MhQ==",
      "license": "ISC"
    },
    "node_modules/@andrei-kuzmin-godel/package_two": {
      "version": "1.0.0",
      "resolved": "https://npm.pkg.github.com/download/@andrei-kuzmin-godel/package_two/1.0.0/b76c20002affcf6f8b2b793d7ed3e50c97d03d41c04de7f9dab7b48e0ac454dd",
      "integrity": "sha512-SVI5tNOsYOHBSCq1NNeIaaSSssfWoxm0Oh+zfTokYD9EDfp+6A+BH6nQEtH6AvR8s4ZlTbUh/etDWlQ9de9xcA==",
      "license": "ISC"
    }
  },
  "dependencies": {
    "@andrei-kuzmin-godel/package_one": {
      "version": "1.0.0",
      "resolved": "https://npm.pkg.github.com/download/@andrei-kuzmin-godel/package_one/1.0.0/8afe7d0331777b49f9a3a32f68a6ad6d202bff155daac14010456fad08b766ac",
      "integrity": "sha512-ZESoQhWgGOOH7sDcrzS+g8so98r6GqpS1vjVE2walRkh6hHimg7AboyR0fu0dMVXFo1tmdJWVIdis77kR3+MhQ=="
    },
    "@andrei-kuzmin-godel/package_two": {
      "version": "1.0.0",
      "resolved": "https://npm.pkg.github.com/download/@andrei-kuzmin-godel/package_two/1.0.0/b76c20002affcf6f8b2b793d7ed3e50c97d03d41c04de7f9dab7b48e0ac454dd",
      "integrity": "sha512-SVI5tNOsYOHBSCq1NNeIaaSSssfWoxm0Oh+zfTokYD9EDfp+6A+BH6nQEtH6AvR8s4ZlTbUh/etDWlQ9de9xcA=="
    }
  }
}
